
Microsoft Visual Studio Solution File, Format Version 12.00
# Visual Studio Version 17
VisualStudioVersion = 17.7.34024.191
MinimumVisualStudioVersion = 10.0.40219.1
Project("{FAE04EC0-301F-11D3-BF4B-00C04F79EFBC}") = "PDF OCR Explorer", "PDF OCR Explorer\PDF OCR Explorer.csproj", "{EB9B52A0-E939-4853-8DBA-792B55D8B61A}"
EndProject
Global
	GlobalSection(SolutionConfigurationPlatforms) = preSolution
		Debug|Any CPU = Debug|Any CPU
		Release|Any CPU = Release|Any CPU
	EndGlobalSection
	GlobalSection(ProjectConfigurationPlatforms) = postSolution
		{EB9B52A0-E939-4853-8DBA-792B55D8B61A}.Debug|Any CPU.ActiveCfg = Debug|Any CPU
		{EB9B52A0-E939-4853-8DBA-792B55D8B61A}.Debug|Any CPU.Build.0 = Debug|Any CPU
		{EB9B52A0-E939-4853-8DBA-792B55D8B61A}.Debug|Any CPU.Deploy.0 = Debug|Any CPU
		{EB9B52A0-E939-4853-8DBA-792B55D8B61A}.Release|Any CPU.ActiveCfg = Release|Any CPU
		{EB9B52A0-E939-4853-8DBA-792B55D8B61A}.Release|Any CPU.Build.0 = Release|Any CPU
		{EB9B52A0-E939-4853-8DBA-792B55D8B61A}.Release|Any CPU.Deploy.0 = Release|Any CPU
	EndGlobalSection
	GlobalSection(SolutionProperties) = preSolution
		HideSolutionNode = FALSE
	EndGlobalSection
	GlobalSection(ExtensibilityGlobals) = postSolution
		SolutionGuid = {FF1D0FF6-67C1-4C0E-A0E3-65DC242BFA90}
	EndGlobalSection
EndGlobal
